{
  "requires": true,
  "lockfileVersion": 1,
  "dependencies": {
    "ansi-regex": {
      "version": "2.1.1",
      "resolved": "https://registry.npmjs.org/ansi-regex/-/ansi-regex-2.1.1.tgz",
      "integrity": "sha1-w7M6te42DYbg5ijwRorn7yfWVN8="
    },
    "ansi-styles": {
      "version": "2.2.1",
      "resolved": "https://registry.npmjs.org/ansi-styles/-/ansi-styles-2.2.1.tgz",
      "integrity": "sha1-tDLdM1i2NM914eRmQ2gkBTPB3b4="
    },
    "app-conf": {
      "version": "0.5.0",
      "resolved": "https://registry.npmjs.org/app-conf/-/app-conf-0.5.0.tgz",
      "integrity": "sha512-0w2s5NA/sb/vRTLR5u5LTrgZzdYG9U304Q37fCQCPXh0aMwZkDdLnK5wDHR7oguaCJgYhtsvn/MsWj9p/s8oJw==",
      "requires": {
        "bluebird": "^3.4.0",
        "debug": "^2.6.8",
        "glob": "^7.1.2",
        "lodash": "^4.13.1",
        "make-error": "^1.3.0",
        "xdg-basedir": "^3.0.0"
      },
      "dependencies": {
        "debug": {
          "version": "2.6.9",
          "resolved": "https://registry.npmjs.org/debug/-/debug-2.6.9.tgz",
          "integrity": "sha512-bC7ElrdJaJnPbAP+1EotYvqZsb3ecl5wi6Bfi6BJTUcNowp6cvspg0jXznRTKDjm/E7AdgFBVeAPVMNcKGsHMA==",
          "requires": {
            "ms": "2.0.0"
          }
        },
        "ms": {
          "version": "2.0.0",
          "resolved": "https://registry.npmjs.org/ms/-/ms-2.0.0.tgz",
          "integrity": "sha1-VgiurfwAvmwpAd9fmGF4jeDVl8g="
        }
      }
    },
    "babel-runtime": {
      "version": "6.26.0",
      "resolved": "https://registry.npmjs.org/babel-runtime/-/babel-runtime-6.26.0.tgz",
      "integrity": "sha1-llxwWGaOgrVde/4E/yM3vItWR/4=",
      "requires": {
        "core-js": "^2.4.0",
        "regenerator-runtime": "^0.11.0"
      }
    },
    "balanced-match": {
      "version": "1.0.0",
      "resolved": "https://registry.npmjs.org/balanced-match/-/balanced-match-1.0.0.tgz",
      "integrity": "sha1-ibTRmasr7kneFk6gK4nORi1xt2c="
    },
    "blocked": {
      "version": "1.2.1",
      "resolved": "https://registry.npmjs.org/blocked/-/blocked-1.2.1.tgz",
      "integrity": "sha1-4i7+dnhjxlq4GX9iUpKRBOHsnOI="
    },
    "bluebird": {
      "version": "3.5.2",
      "resolved": "https://registry.npmjs.org/bluebird/-/bluebird-3.5.2.tgz",
      "integrity": "sha512-dhHTWMI7kMx5whMQntl7Vr9C6BvV10lFXDAasnqnrMYhXVCzzk6IO9Fo2L75jXHT07WrOngL1WDXOp+yYS91Yg=="
    },
    "brace-expansion": {
      "version": "1.1.11",
      "resolved": "https://registry.npmjs.org/brace-expansion/-/brace-expansion-1.1.11.tgz",
      "integrity": "sha512-iCuPHDFgrHX7H2vEI/5xpz07zSHB00TpugqhmYtVmMO6518mCuRMoOYFldEBl0g187ufozdaHgWKcYFb61qGiA==",
      "requires": {
        "balanced-match": "^1.0.0",
        "concat-map": "0.0.1"
      }
    },
    "chalk": {
      "version": "1.1.3",
      "resolved": "http://registry.npmjs.org/chalk/-/chalk-1.1.3.tgz",
      "integrity": "sha1-qBFcVeSnAv5NFQq9OHKCKn4J/Jg=",
      "requires": {
        "ansi-styles": "^2.2.1",
        "escape-string-regexp": "^1.0.2",
        "has-ansi": "^2.0.0",
        "strip-ansi": "^3.0.0",
        "supports-color": "^2.0.0"
      }
    },
    "color-convert": {
      "version": "1.9.3",
      "resolved": "https://registry.npmjs.org/color-convert/-/color-convert-1.9.3.tgz",
      "integrity": "sha512-QfAUtd+vFdAtFQcC8CCyYt1fYWxSqAiK2cSD6zDB8N3cpsEBAvRxp9zOGg6G/SHHJYAT88/az/IuDGALsNVbGg==",
      "requires": {
        "color-name": "1.1.3"
      }
    },
    "color-name": {
      "version": "1.1.3",
      "resolved": "https://registry.npmjs.org/color-name/-/color-name-1.1.3.tgz",
      "integrity": "sha1-p9BVi9icQveV3UIyj3QIMcpTvCU="
    },
    "concat-map": {
      "version": "0.0.1",
      "resolved": "https://registry.npmjs.org/concat-map/-/concat-map-0.0.1.tgz",
      "integrity": "sha1-2Klr13/Wjfd5OnMDajug1UBdR3s="
    },
    "core-js": {
      "version": "2.5.7",
      "resolved": "https://registry.npmjs.org/core-js/-/core-js-2.5.7.tgz",
      "integrity": "sha512-RszJCAxg/PP6uzXVXL6BsxSXx/B05oJAQ2vkJRjyjrEcNVycaqOmNb5OTxZPE3xa5gwZduqza6L9JOCenh/Ecw=="
    },
    "debug": {
      "version": "3.2.5",
      "resolved": "https://registry.npmjs.org/debug/-/debug-3.2.5.tgz",
      "integrity": "sha512-D61LaDQPQkxJ5AUM2mbSJRbPkNs/TmdmOeLAi1hgDkpDfIfetSrjmWhccwtuResSwMbACjx/xXQofvM9CE/aeg==",
      "requires": {
        "ms": "^2.1.1"
      }
    },
    "diff": {
      "version": "3.5.0",
      "resolved": "https://registry.npmjs.org/diff/-/diff-3.5.0.tgz",
      "integrity": "sha512-A46qtFgd+g7pDZinpnwiRJtxbC1hpgf0uzP3iG89scHk0AUC7A1TGxf5OiiOUv/JMZR8GOt8hL900hV0bOy5xA=="
    },
    "double-ended-queue": {
      "version": "2.1.0-0",
      "resolved": "https://registry.npmjs.org/double-ended-queue/-/double-ended-queue-2.1.0-0.tgz",
      "integrity": "sha1-ED01J/0xUo9AGIEwyEHv3XgmTlw="
    },
    "escape-string-regexp": {
      "version": "1.0.5",
      "resolved": "https://registry.npmjs.org/escape-string-regexp/-/escape-string-regexp-1.0.5.tgz",
      "integrity": "sha1-G2HAViGQqN/2rjuyzwIAyhMLhtQ="
    },
    "event-to-promise": {
      "version": "0.8.0",
      "resolved": "https://registry.npmjs.org/event-to-promise/-/event-to-promise-0.8.0.tgz",
      "integrity": "sha1-S4TxF3K28l93Uvx02XFTGsb1tiY="
    },
    "exec-promise": {
      "version": "0.7.0",
      "resolved": "https://registry.npmjs.org/exec-promise/-/exec-promise-0.7.0.tgz",
      "integrity": "sha1-dNVeYMhYqUsyXo4gtmob0q6cGE4=",
      "requires": {
        "log-symbols": "^1.0.2"
      }
    },
    "fs.realpath": {
      "version": "1.0.0",
      "resolved": "https://registry.npmjs.org/fs.realpath/-/fs.realpath-1.0.0.tgz",
      "integrity": "sha1-FQStJSMVjKpA20onh8sBQRmU6k8="
    },
    "glob": {
      "version": "7.1.3",
      "resolved": "https://registry.npmjs.org/glob/-/glob-7.1.3.tgz",
      "integrity": "sha512-vcfuiIxogLV4DlGBHIUOwI0IbrJ8HWPc4MU7HzviGeNho/UJDfi6B5p3sHeWIQ0KGIU0Jpxi5ZHxemQfLkkAwQ==",
      "requires": {
        "fs.realpath": "^1.0.0",
        "inflight": "^1.0.4",
        "inherits": "2",
        "minimatch": "^3.0.4",
        "once": "^1.3.0",
        "path-is-absolute": "^1.0.0"
      }
    },
    "golike-defer": {
      "version": "0.4.1",
      "resolved": "https://registry.npmjs.org/golike-defer/-/golike-defer-0.4.1.tgz",
      "integrity": "sha512-x8cq/Fvu32T8cnco3CBDRF+/M2LFmfSIysKfecX09uIK3cFdHcEKBTPlPnEO6lwrdxfjkOIU6dIw3EIlEJeS1A=="
    },
    "has-ansi": {
      "version": "2.0.0",
      "resolved": "https://registry.npmjs.org/has-ansi/-/has-ansi-2.0.0.tgz",
      "integrity": "sha1-NPUEnOHs3ysGSa8+8k5F7TVBbZE=",
      "requires": {
        "ansi-regex": "^2.0.0"
      }
    },
    "has-flag": {
      "version": "3.0.0",
      "resolved": "https://registry.npmjs.org/has-flag/-/has-flag-3.0.0.tgz",
      "integrity": "sha1-tdRU3CGZriJWmfNGfloH87lVuv0="
    },
    "http-request-plus": {
      "version": "0.5.0",
      "resolved": "https://registry.npmjs.org/http-request-plus/-/http-request-plus-0.5.0.tgz",
      "integrity": "sha512-N1vk8OIKVCOG0xYtMTIIqy75GNUSp0vqX1bbVOczrLVUbEv6zybELlzx0d6SVZt/IHfkk19OKbNEZcmdj6lfBg==",
      "requires": {
        "is-redirect": "^1.0.0",
        "lodash": "^4.17.4",
        "promise-toolbox": "^0.9.5"
      },
      "dependencies": {
        "promise-toolbox": {
          "version": "0.9.5",
          "resolved": "https://registry.npmjs.org/promise-toolbox/-/promise-toolbox-0.9.5.tgz",
          "integrity": "sha512-mh0lbdr9TrAI0KtV06Q/gcTZXft2sQCrc/GGMg8d2LJ3bbXGqq+VqDQI2/y+LtLpshMVfSBLKA/YwigSZY5JNg==",
          "requires": {
            "make-error": "^1.2.3"
          }
        }
      }
    },
    "inflight": {
      "version": "1.0.6",
      "resolved": "https://registry.npmjs.org/inflight/-/inflight-1.0.6.tgz",
      "integrity": "sha1-Sb1jMdfQLQwJvJEKEHW6gWW1bfk=",
      "requires": {
        "once": "^1.3.0",
        "wrappy": "1"
      }
    },
    "inherits": {
      "version": "2.0.3",
      "resolved": "https://registry.npmjs.org/inherits/-/inherits-2.0.3.tgz",
      "integrity": "sha1-Yzwsg+PaQqUC9SRmAiSA9CCCYd4="
    },
    "is-redirect": {
      "version": "1.0.0",
      "resolved": "https://registry.npmjs.org/is-redirect/-/is-redirect-1.0.0.tgz",
      "integrity": "sha1-HQPd7VO9jbDzDCbk+V02/HyH3CQ="
    },
    "iterable-backoff": {
      "version": "0.0.0",
      "resolved": "https://registry.npmjs.org/iterable-backoff/-/iterable-backoff-0.0.0.tgz",
      "integrity": "sha512-V7XPitewWdfXZGa49TEePTPVzmekMnGcicI/Ilf1bzLxvz9Fu7nwx4r4W2EdwbDfGYG9JEWFIe7htbqLOYjdGQ=="
    },
    "jest-diff": {
      "version": "23.6.0",
      "resolved": "https://registry.npmjs.org/jest-diff/-/jest-diff-23.6.0.tgz",
      "integrity": "sha512-Gz9l5Ov+X3aL5L37IT+8hoCUsof1CVYBb2QEkOupK64XyRR3h+uRpYIm97K7sY8diFxowR8pIGEdyfMKTixo3g==",
      "requires": {
        "chalk": "^2.0.1",
        "diff": "^3.2.0",
        "jest-get-type": "^22.1.0",
        "pretty-format": "^23.6.0"
      },
      "dependencies": {
        "ansi-styles": {
          "version": "3.2.1",
          "resolved": "https://registry.npmjs.org/ansi-styles/-/ansi-styles-3.2.1.tgz",
          "integrity": "sha512-VT0ZI6kZRdTh8YyJw3SMbYm/u+NqfsAxEpWO0Pf9sq8/e94WxxOpPKx9FR1FlyCtOVDNOQ+8ntlqFxiRc+r5qA==",
          "requires": {
            "color-convert": "^1.9.0"
          }
        },
        "chalk": {
          "version": "2.4.1",
          "resolved": "https://registry.npmjs.org/chalk/-/chalk-2.4.1.tgz",
          "integrity": "sha512-ObN6h1v2fTJSmUXoS3nMQ92LbDK9be4TV+6G+omQlGJFdcUX5heKi1LZ1YnRMIgwTLEj3E24bT6tYni50rlCfQ==",
          "requires": {
            "ansi-styles": "^3.2.1",
            "escape-string-regexp": "^1.0.5",
            "supports-color": "^5.3.0"
          }
        },
        "supports-color": {
          "version": "5.5.0",
          "resolved": "https://registry.npmjs.org/supports-color/-/supports-color-5.5.0.tgz",
          "integrity": "sha512-QjVjwdXIt408MIiAqCX4oUKsgU2EqAGzs2Ppkm4aQYbjm+ZEWEcW4SfFNTr4uMNZma0ey4f5lgLrkB0aX0QMow==",
          "requires": {
            "has-flag": "^3.0.0"
          }
        }
      }
    },
    "jest-get-type": {
      "version": "22.4.3",
      "resolved": "https://registry.npmjs.org/jest-get-type/-/jest-get-type-22.4.3.tgz",
      "integrity": "sha512-/jsz0Y+V29w1chdXVygEKSz2nBoHoYqNShPe+QgxSNjAuP1i8+k4LbQNrfoliKej0P45sivkSCh7yiD6ubHS3w=="
    },
    "json-rpc-protocol": {
      "version": "0.12.0",
      "resolved": "https://registry.npmjs.org/json-rpc-protocol/-/json-rpc-protocol-0.12.0.tgz",
      "integrity": "sha512-zev0tw+eiKgMkUbP+JWfVfWiYxFz9IxUhThsrAfTzgfQI7slwaeH1/9esvR/E/Yt8x+kVQY67rSh1ap9BQBvog==",
      "requires": {
        "make-error": "^1.3.0"
      }
    },
    "kindof": {
      "version": "2.0.0",
      "resolved": "https://registry.npmjs.org/kindof/-/kindof-2.0.0.tgz",
      "integrity": "sha1-wzW69gOnfMN/i0Brc7ZGP9vfGr4="
    },
    "lodash": {
      "version": "4.17.11",
      "resolved": "https://registry.npmjs.org/lodash/-/lodash-4.17.11.tgz",
      "integrity": "sha512-cQKh8igo5QUhZ7lg38DYWAxMvjSAKG0A8wGSVimP07SIUEK2UO+arSRKbRZWtelMtN5V0Hkwh5ryOto/SshYIg=="
    },
    "log-symbols": {
      "version": "1.0.2",
      "resolved": "https://registry.npmjs.org/log-symbols/-/log-symbols-1.0.2.tgz",
      "integrity": "sha1-N2/3tY6jCGoPCfrMdGF+ylAeGhg=",
      "requires": {
        "chalk": "^1.0.0"
      }
    },
    "make-error": {
      "version": "1.3.5",
      "resolved": "https://registry.npmjs.org/make-error/-/make-error-1.3.5.tgz",
      "integrity": "sha512-c3sIjNUow0+8swNwVpqoH4YCShKNFkMaw6oH1mNS2haDZQqkeZFlHS3dhoeEbKKmJB4vXpJucU6oH75aDYeE9g=="
    },
    "minimatch": {
      "version": "3.0.4",
      "resolved": "https://registry.npmjs.org/minimatch/-/minimatch-3.0.4.tgz",
      "integrity": "sha512-yJHVQEhyqPLUTgt9B83PXu6W3rx4MvvHvSUvToogpwoGDOUQ+yDrR0HRot+yOCdCO7u4hX3pWft6kWBBcqh0UA==",
      "requires": {
        "brace-expansion": "^1.1.7"
      }
    },
    "minimist": {
      "version": "1.2.0",
      "resolved": "http://registry.npmjs.org/minimist/-/minimist-1.2.0.tgz",
      "integrity": "sha1-o1AIsg9BOD7sH7kU9M1d95omQoQ="
    },
    "ms": {
      "version": "2.1.1",
      "resolved": "https://registry.npmjs.org/ms/-/ms-2.1.1.tgz",
      "integrity": "sha512-tgp+dl5cGk28utYktBsrFqA7HKgrhgPsg6Z/EfhWI4gl1Hwq8B/GmY/0oXZ6nF8hDVesS/FpnYaD/kOWhYQvyg=="
    },
    "once": {
      "version": "1.4.0",
      "resolved": "https://registry.npmjs.org/once/-/once-1.4.0.tgz",
      "integrity": "sha1-WDsap3WWHUsROsF9nFC6753Xa9E=",
      "requires": {
        "wrappy": "1"
      }
    },
    "path-is-absolute": {
      "version": "1.0.1",
      "resolved": "https://registry.npmjs.org/path-is-absolute/-/path-is-absolute-1.0.1.tgz",
      "integrity": "sha1-F0uSaHNVNP+8es5r9TpanhtcX18="
    },
    "pretty-format": {
      "version": "23.6.0",
      "resolved": "https://registry.npmjs.org/pretty-format/-/pretty-format-23.6.0.tgz",
      "integrity": "sha512-zf9NV1NSlDLDjycnwm6hpFATCGl/K1lt0R/GdkAK2O5LN/rwJoB+Mh93gGJjut4YbmecbfgLWVGSTCr0Ewvvbw==",
      "requires": {
        "ansi-regex": "^3.0.0",
        "ansi-styles": "^3.2.0"
      },
      "dependencies": {
        "ansi-regex": {
          "version": "3.0.0",
          "resolved": "https://registry.npmjs.org/ansi-regex/-/ansi-regex-3.0.0.tgz",
          "integrity": "sha1-7QMXwyIGT3lGbAKWa922Bas32Zg="
        },
        "ansi-styles": {
          "version": "3.2.1",
          "resolved": "https://registry.npmjs.org/ansi-styles/-/ansi-styles-3.2.1.tgz",
          "integrity": "sha512-VT0ZI6kZRdTh8YyJw3SMbYm/u+NqfsAxEpWO0Pf9sq8/e94WxxOpPKx9FR1FlyCtOVDNOQ+8ntlqFxiRc+r5qA==",
          "requires": {
            "color-convert": "^1.9.0"
          }
        }
      }
    },
    "promise-toolbox": {
      "version": "0.10.1",
      "resolved": "https://registry.npmjs.org/promise-toolbox/-/promise-toolbox-0.10.1.tgz",
      "integrity": "sha512-TDPFea6muML14mVu9pHQcn/5h1nV+qj+SYyrsoIgbo7osFHLK3wSAOAqXOFJwx23a3hZmuLp6ecXwAbqzsoD9A==",
      "requires": {
        "make-error": "^1.3.2"
      }
    },
    "pw": {
      "version": "0.0.4",
      "resolved": "https://registry.npmjs.org/pw/-/pw-0.0.4.tgz",
      "integrity": "sha1-gBWYLvi+v9nY64x5XnUXdIcf3kY="
    },
    "redis": {
      "version": "2.8.0",
      "resolved": "https://registry.npmjs.org/redis/-/redis-2.8.0.tgz",
      "integrity": "sha512-M1OkonEQwtRmZv4tEWF2VgpG0JWJ8Fv1PhlgT5+B+uNq2cA3Rt1Yt/ryoR+vQNOQcIEgdCdfH0jr3bDpihAw1A==",
      "requires": {
        "double-ended-queue": "^2.1.0-0",
        "redis-commands": "^1.2.0",
        "redis-parser": "^2.6.0"
      }
    },
    "redis-commands": {
      "version": "1.3.5",
      "resolved": "https://registry.npmjs.org/redis-commands/-/redis-commands-1.3.5.tgz",
      "integrity": "sha512-foGF8u6MXGFF++1TZVC6icGXuMYPftKXt1FBT2vrfU9ZATNtZJ8duRC5d1lEfE8hyVe3jhelHGB91oB7I6qLsA=="
    },
    "redis-parser": {
      "version": "2.6.0",
      "resolved": "https://registry.npmjs.org/redis-parser/-/redis-parser-2.6.0.tgz",
      "integrity": "sha1-Uu0J2srBCPGmMcB+m2mUHnoZUEs="
    },
    "regenerator-runtime": {
      "version": "0.11.1",
      "resolved": "https://registry.npmjs.org/regenerator-runtime/-/regenerator-runtime-0.11.1.tgz",
      "integrity": "sha512-MguG95oij0fC3QV3URf4V2SDYGJhJnJGqvIIgdECeODCT98wSWDAJ94SSuVpYQUoTcGUIL6L4yNB7j1DFFHSBg=="
    },
    "sax": {
      "version": "1.2.4",
      "resolved": "https://registry.npmjs.org/sax/-/sax-1.2.4.tgz",
      "integrity": "sha512-NqVDv9TpANUjFm0N8uM5GxL36UgKi9/atZw+x7YFnQ8ckwFGKrl4xX4yWtrey3UJm5nP1kUbnYgLopqWNSRhWw=="
    },
    "strip-ansi": {
      "version": "3.0.1",
      "resolved": "https://registry.npmjs.org/strip-ansi/-/strip-ansi-3.0.1.tgz",
      "integrity": "sha1-ajhfuIU9lS1f8F0Oiq+UJ43GPc8=",
      "requires": {
        "ansi-regex": "^2.0.0"
      }
    },
    "supports-color": {
      "version": "2.0.0",
      "resolved": "https://registry.npmjs.org/supports-color/-/supports-color-2.0.0.tgz",
      "integrity": "sha1-U10EXOa2Nj+kARcIRimZXp3zJMc="
    },
    "uuid": {
      "version": "3.3.2",
      "resolved": "https://registry.npmjs.org/uuid/-/uuid-3.3.2.tgz",
      "integrity": "sha512-yXJmeNaw3DnnKAOKJE51sL/ZaYfWJRl1pK9dr19YFCu0ObS231AB1/LbqTKRAQ5kw8A90rA6fr4riOUpTZvQZA=="
    },
    "wrappy": {
      "version": "1.0.2",
      "resolved": "https://registry.npmjs.org/wrappy/-/wrappy-1.0.2.tgz",
      "integrity": "sha1-tSQ9jz7BqjXxNkYFvA0QNuMKtp8="
    },
    "xdg-basedir": {
      "version": "3.0.0",
      "resolved": "https://registry.npmjs.org/xdg-basedir/-/xdg-basedir-3.0.0.tgz",
      "integrity": "sha1-SWsswQnsqNus/i3HK2A8F8WHCtQ="
    },
    "xen-api": {
      "version": "0.18.0",
      "resolved": "https://registry.npmjs.org/xen-api/-/xen-api-0.18.0.tgz",
      "integrity": "sha512-6jqjIv8nuVS3R6P3y7T3FMW1v/iJ5Fgsk8bwLtu/DmzXcI3ckHru3Lsb8EI9B9DidGhTa5AEEJjF6zij58SRbg==",
      "requires": {
        "blocked": "^1.2.1",
        "debug": "^3.1.0",
        "event-to-promise": "^0.8.0",
        "exec-promise": "^0.7.0",
        "http-request-plus": "^0.5.0",
        "iterable-backoff": "^0.0.0",
        "jest-diff": "^23.5.0",
        "json-rpc-protocol": "^0.12.0",
        "kindof": "^2.0.0",
        "lodash": "^4.17.4",
        "make-error": "^1.3.0",
        "minimist": "^1.2.0",
        "ms": "^2.1.1",
        "promise-toolbox": "^0.9.5",
        "pw": "0.0.4",
        "xmlrpc": "^1.3.2",
        "xo-collection": "^0.4.1"
      },
      "dependencies": {
        "promise-toolbox": {
          "version": "0.9.5",
          "resolved": "https://registry.npmjs.org/promise-toolbox/-/promise-toolbox-0.9.5.tgz",
          "integrity": "sha512-mh0lbdr9TrAI0KtV06Q/gcTZXft2sQCrc/GGMg8d2LJ3bbXGqq+VqDQI2/y+LtLpshMVfSBLKA/YwigSZY5JNg==",
          "requires": {
            "make-error": "^1.2.3"
          }
        }
      }
    },
    "xmlbuilder": {
      "version": "8.2.2",
      "resolved": "https://registry.npmjs.org/xmlbuilder/-/xmlbuilder-8.2.2.tgz",
      "integrity": "sha1-aSSGc0ELS6QuGmE2VR0pIjNap3M="
    },
    "xmlrpc": {
      "version": "1.3.2",
      "resolved": "https://registry.npmjs.org/xmlrpc/-/xmlrpc-1.3.2.tgz",
      "integrity": "sha1-JrLqNHhI0Ciqx+dRS1NRl23j6D0=",
      "requires": {
        "sax": "1.2.x",
        "xmlbuilder": "8.2.x"
      }
    },
    "xo-collection": {
      "version": "0.4.1",
      "resolved": "https://registry.npmjs.org/xo-collection/-/xo-collection-0.4.1.tgz",
      "integrity": "sha1-4/t8Qt15lQpx22Zp2y5Ttz+A41E=",
      "requires": {
        "babel-runtime": "^6.18.0",
        "kindof": "^2.0.0",
        "lodash": "^3.10.1",
        "make-error": "^1.0.2"
      },
      "dependencies": {
        "lodash": {
          "version": "3.10.1",
          "resolved": "http://registry.npmjs.org/lodash/-/lodash-3.10.1.tgz",
          "integrity": "sha1-W/Rejkm6QYnhfUgnid/RW9FAt7Y="
        }
      }
    }
  }
}
